
Microsoft Visual Studio Solution File, Format Version 12.00
# Visual Studio Version 17
VisualStudioVersion = 17.10.34916.146
MinimumVisualStudioVersion = 10.0.40219.1
Project("{F2A71F9B-5D33-465A-A702-920D77279786}") = "Cars.API", "Cars.API\Cars.API.fsproj", "{B446B710-99C8-4D00-9EA3-10B15507F495}"
EndProject
Project("{FAE04EC0-301F-11D3-BF4B-00C04F79EFBC}") = "Cars.Domain", "Cars.Domain\Cars.Domain.csproj", "{59DA3B76-54F6-4429-9012-85A1378946A8}"
EndProject
Project("{FAE04EC0-301F-11D3-BF4B-00C04F79EFBC}") = "Cars.Application", "Cars.Application\Cars.Application.csproj", "{AA9AB6E0-6FAA-404C-9A15-2EC558B077E4}"
EndProject
Project("{FAE04EC0-301F-11D3-BF4B-00C04F79EFBC}") = "Cars.Infrastructure", "Cars.Infrastructure\Cars.Infrastructure.csproj", "{40659732-EFC0-4594-B795-FCC3EDA8932A}"
EndProject
Global
	GlobalSection(SolutionConfigurationPlatforms) = preSolution
		Debug|Any CPU = Debug|Any CPU
		Release|Any CPU = Release|Any CPU
	EndGlobalSection
	GlobalSection(ProjectConfigurationPlatforms) = postSolution
		{B446B710-99C8-4D00-9EA3-10B15507F495}.Debug|Any CPU.ActiveCfg = Debug|Any CPU
		{B446B710-99C8-4D00-9EA3-10B15507F495}.Debug|Any CPU.Build.0 = Debug|Any CPU
		{B446B710-99C8-4D00-9EA3-10B15507F495}.Release|Any CPU.ActiveCfg = Release|Any CPU
		{B446B710-99C8-4D00-9EA3-10B15507F495}.Release|Any CPU.Build.0 = Release|Any CPU
		{59DA3B76-54F6-4429-9012-85A1378946A8}.Debug|Any CPU.ActiveCfg = Debug|Any CPU
		{59DA3B76-54F6-4429-9012-85A1378946A8}.Debug|Any CPU.Build.0 = Debug|Any CPU
		{59DA3B76-54F6-4429-9012-85A1378946A8}.Release|Any CPU.ActiveCfg = Release|Any CPU
		{59DA3B76-54F6-4429-9012-85A1378946A8}.Release|Any CPU.Build.0 = Release|Any CPU
		{AA9AB6E0-6FAA-404C-9A15-2EC558B077E4}.Debug|Any CPU.ActiveCfg = Debug|Any CPU
		{AA9AB6E0-6FAA-404C-9A15-2EC558B077E4}.Debug|Any CPU.Build.0 = Debug|Any CPU
		{AA9AB6E0-6FAA-404C-9A15-2EC558B077E4}.Release|Any CPU.ActiveCfg = Release|Any CPU
		{AA9AB6E0-6FAA-404C-9A15-2EC558B077E4}.Release|Any CPU.Build.0 = Release|Any CPU
		{40659732-EFC0-4594-B795-FCC3EDA8932A}.Debug|Any CPU.ActiveCfg = Debug|Any CPU
		{40659732-EFC0-4594-B795-FCC3EDA8932A}.Debug|Any CPU.Build.0 = Debug|Any CPU
		{40659732-EFC0-4594-B795-FCC3EDA8932A}.Release|Any CPU.ActiveCfg = Release|Any CPU
		{40659732-EFC0-4594-B795-FCC3EDA8932A}.Release|Any CPU.Build.0 = Release|Any CPU
	EndGlobalSection
	GlobalSection(SolutionProperties) = preSolution
		HideSolutionNode = FALSE
	EndGlobalSection
	GlobalSection(ExtensibilityGlobals) = postSolution
		SolutionGuid = {8F8081AF-B6A3-4049-86C9-6F446AF85E04}
	EndGlobalSection
EndGlobal
