
Microsoft Visual Studio Solution File, Format Version 12.00
# Visual Studio Version 17
VisualStudioVersion = 17.10.34916.146
MinimumVisualStudioVersion = 10.0.40219.1
Project("{FAE04EC0-301F-11D3-BF4B-00C04F79EFBC}") = "Cars2.API", "Cars2.API\Cars2.API.csproj", "{74EB83D2-94CF-4130-80F8-6A744D724CC4}"
EndProject
Global
	GlobalSection(SolutionConfigurationPlatforms) = preSolution
		Debug|Any CPU = Debug|Any CPU
		Release|Any CPU = Release|Any CPU
	EndGlobalSection
	GlobalSection(ProjectConfigurationPlatforms) = postSolution
		{74EB83D2-94CF-4130-80F8-6A744D724CC4}.Debug|Any CPU.ActiveCfg = Debug|Any CPU
		{74EB83D2-94CF-4130-80F8-6A744D724CC4}.Debug|Any CPU.Build.0 = Debug|Any CPU
		{74EB83D2-94CF-4130-80F8-6A744D724CC4}.Release|Any CPU.ActiveCfg = Release|Any CPU
		{74EB83D2-94CF-4130-80F8-6A744D724CC4}.Release|Any CPU.Build.0 = Release|Any CPU
	EndGlobalSection
	GlobalSection(SolutionProperties) = preSolution
		HideSolutionNode = FALSE
	EndGlobalSection
	GlobalSection(ExtensibilityGlobals) = postSolution
		SolutionGuid = {BF839100-1A98-4129-B95C-D63250A53A17}
	EndGlobalSection
EndGlobal
